{
  "requires": true,
  "lockfileVersion": 1,
  "dependencies": {
    "vuetify": {
      "version": "1.5.4",
      "resolved": "https://registry.npmjs.org/vuetify/-/vuetify-1.5.4.tgz",
      "integrity": "sha512-hlTJHh4a1vAZQq4XwIcEpdDXoKNPqXbE95iV2a780FXvFnacu7qjHO4BrOUOkWGeAuFb1NTQM2vJtb4Jhxn26Q=="
    }
  }
}
